{
  "requires": true,
  "lockfileVersion": 1,
  "dependencies": {
    "apollo-datasource": {
      "version": "0.5.0",
      "resolved": "https://npm.kopaxgroup.com/apollo-datasource/-/apollo-datasource-0.5.0.tgz",
      "integrity": "sha512-SVXxJyKlWguuDjxkY/WGlC/ykdsTmPxSF0z8FenagcQ91aPURXzXP1ZDz5PbamY+0iiCRubazkxtTQw4GWTFPg==",
      "requires": {
        "apollo-server-caching": "0.4.0",
        "apollo-server-env": "2.4.0"
      }
    },
    "apollo-datasource-rest": {
      "version": "0.5.0",
      "resolved": "https://npm.kopaxgroup.com/apollo-datasource-rest/-/apollo-datasource-rest-0.5.0.tgz",
      "integrity": "sha512-zRjF9fE/h+s99HvceTn/+SRlnFQGHYw1Ic2cqSb+XR8JbYfuWARHIIIq5XhFFmqGfDgO7uXkfl3aP7Ozydbi/A==",
      "requires": {
        "apollo-datasource": "0.5.0",
        "apollo-server-caching": "0.4.0",
        "apollo-server-env": "2.4.0",
        "apollo-server-errors": "2.3.0",
        "http-cache-semantics": "^4.0.0"
      }
    },
    "apollo-server-caching": {
      "version": "0.4.0",
      "resolved": "https://npm.kopaxgroup.com/apollo-server-caching/-/apollo-server-caching-0.4.0.tgz",
      "integrity": "sha512-GTOZdbLhrSOKYNWMYgaqX5cVNSMT0bGUTZKV8/tYlyYmsB6ey7l6iId3Q7UpHS6F6OR2lstz5XaKZ+T3fDfPzQ==",
      "requires": {
        "lru-cache": "^5.0.0"
      }
    },
    "apollo-server-env": {
      "version": "2.4.0",
      "resolved": "https://npm.kopaxgroup.com/apollo-server-env/-/apollo-server-env-2.4.0.tgz",
      "integrity": "sha512-7ispR68lv92viFeu5zsRUVGP+oxsVI3WeeBNniM22Cx619maBUwcYTIC3+Y3LpXILhLZCzA1FASZwusgSlyN9w==",
      "requires": {
        "node-fetch": "^2.1.2",
        "util.promisify": "^1.0.0"
      }
    },
    "apollo-server-errors": {
      "version": "2.3.0",
      "resolved": "https://npm.kopaxgroup.com/apollo-server-errors/-/apollo-server-errors-2.3.0.tgz",
      "integrity": "sha512-rUvzwMo2ZQgzzPh2kcJyfbRSfVKRMhfIlhY7BzUfM4x6ZT0aijlgsf714Ll3Mbf5Fxii32kD0A/DmKsTecpccw=="
    },
    "define-properties": {
      "version": "1.1.3",
      "resolved": "https://npm.kopaxgroup.com/define-properties/-/define-properties-1.1.3.tgz",
      "integrity": "sha512-3MqfYKj2lLzdMSf8ZIZE/V+Zuy+BgD6f164e8K2w7dgnpKArBDerGYpM46IYYcjnkdPNMjPk9A6VFB8+3SKlXQ==",
      "requires": {
        "object-keys": "^1.0.12"
      }
    },
    "es-abstract": {
      "version": "1.13.0",
      "resolved": "https://npm.kopaxgroup.com/es-abstract/-/es-abstract-1.13.0.tgz",
      "integrity": "sha512-vDZfg/ykNxQVwup/8E1BZhVzFfBxs9NqMzGcvIJrqg5k2/5Za2bWo40dK2J1pgLngZ7c+Shh8lwYtLGyrwPutg==",
      "requires": {
        "es-to-primitive": "^1.2.0",
        "function-bind": "^1.1.1",
        "has": "^1.0.3",
        "is-callable": "^1.1.4",
        "is-regex": "^1.0.4",
        "object-keys": "^1.0.12"
      }
    },
    "es-to-primitive": {
      "version": "1.2.0",
      "resolved": "https://npm.kopaxgroup.com/es-to-primitive/-/es-to-primitive-1.2.0.tgz",
      "integrity": "sha512-qZryBOJjV//LaxLTV6UC//WewneB3LcXOL9NP++ozKVXsIIIpm/2c13UDiD9Jp2eThsecw9m3jPqDwTyobcdbg==",
      "requires": {
        "is-callable": "^1.1.4",
        "is-date-object": "^1.0.1",
        "is-symbol": "^1.0.2"
      }
    },
    "function-bind": {
      "version": "1.1.1",
      "resolved": "https://npm.kopaxgroup.com/function-bind/-/function-bind-1.1.1.tgz",
      "integrity": "sha512-yIovAzMX49sF8Yl58fSCWJ5svSLuaibPxXQJFLmBObTuCr0Mf1KiPopGM9NiFjiYBCbfaa2Fh6breQ6ANVTI0A=="
    },
    "has": {
      "version": "1.0.3",
      "resolved": "https://npm.kopaxgroup.com/has/-/has-1.0.3.tgz",
      "integrity": "sha512-f2dvO0VU6Oej7RkWJGrehjbzMAjFp5/VKPp5tTpWIV4JHHZK1/BxbFRtf/siA2SWTe09caDmVtYYzWEIbBS4zw==",
      "requires": {
        "function-bind": "^1.1.1"
      }
    },
    "has-symbols": {
      "version": "1.0.0",
      "resolved": "https://npm.kopaxgroup.com/has-symbols/-/has-symbols-1.0.0.tgz",
      "integrity": "sha1-uhqPGvKg/DllD1yFA2dwQSIGO0Q="
    },
    "http-cache-semantics": {
      "version": "4.0.3",
      "resolved": "https://npm.kopaxgroup.com/http-cache-semantics/-/http-cache-semantics-4.0.3.tgz",
      "integrity": "sha512-TcIMG3qeVLgDr1TEd2XvHaTnMPwYQUQMIBLy+5pLSDKYFc7UIqj39w8EGzZkaxoLv/l2K8HaI0t5AVA+YYgUew=="
    },
    "is-callable": {
      "version": "1.1.4",
      "resolved": "https://npm.kopaxgroup.com/is-callable/-/is-callable-1.1.4.tgz",
      "integrity": "sha512-r5p9sxJjYnArLjObpjA4xu5EKI3CuKHkJXMhT7kwbpUyIFD1n5PMAsoPvWnvtZiNz7LjkYDRZhd7FlI0eMijEA=="
    },
    "is-date-object": {
      "version": "1.0.1",
      "resolved": "https://npm.kopaxgroup.com/is-date-object/-/is-date-object-1.0.1.tgz",
      "integrity": "sha1-mqIOtq7rv/d/vTPnTKAbM1gdOhY="
    },
    "is-regex": {
      "version": "1.0.4",
      "resolved": "https://npm.kopaxgroup.com/is-regex/-/is-regex-1.0.4.tgz",
      "integrity": "sha1-VRdIm1RwkbCTDglWVM7SXul+lJE=",
      "requires": {
        "has": "^1.0.1"
      }
    },
    "is-symbol": {
      "version": "1.0.2",
      "resolved": "https://npm.kopaxgroup.com/is-symbol/-/is-symbol-1.0.2.tgz",
      "integrity": "sha512-HS8bZ9ox60yCJLH9snBpIwv9pYUAkcuLhSA1oero1UB5y9aiQpRA8y2ex945AOtCZL1lJDeIk3G5LthswI46Lw==",
      "requires": {
        "has-symbols": "^1.0.0"
      }
    },
    "lru-cache": {
      "version": "5.1.1",
      "resolved": "https://npm.kopaxgroup.com/lru-cache/-/lru-cache-5.1.1.tgz",
      "integrity": "sha512-KpNARQA3Iwv+jTA0utUVVbrh+Jlrr1Fv0e56GGzAFOXN7dk/FviaDW8LHmK52DlcH4WP2n6gI8vN1aesBFgo9w==",
      "requires": {
        "yallist": "^3.0.2"
      }
    },
    "node-fetch": {
      "version": "2.6.0",
      "resolved": "https://npm.kopaxgroup.com/node-fetch/-/node-fetch-2.6.0.tgz",
      "integrity": "sha512-8dG4H5ujfvFiqDmVu9fQ5bOHUC15JMjMY/Zumv26oOvvVJjM67KF8koCWIabKQ1GJIa9r2mMZscBq/TbdOcmNA=="
    },
    "object-keys": {
      "version": "1.1.1",
      "resolved": "https://npm.kopaxgroup.com/object-keys/-/object-keys-1.1.1.tgz",
      "integrity": "sha512-NuAESUOUMrlIXOfHKzD6bpPu3tYt3xvjNdRIQ+FeT0lNb4K8WR70CaDxhuNguS2XG+GjkyMwOzsN5ZktImfhLA=="
    },
    "object.getownpropertydescriptors": {
      "version": "2.0.3",
      "resolved": "https://npm.kopaxgroup.com/object.getownpropertydescriptors/-/object.getownpropertydescriptors-2.0.3.tgz",
      "integrity": "sha1-h1jIRvW0B62rDyNuCYbxSwUcqhY=",
      "requires": {
        "define-properties": "^1.1.2",
        "es-abstract": "^1.5.1"
      }
    },
    "util.promisify": {
      "version": "1.0.0",
      "resolved": "https://npm.kopaxgroup.com/util.promisify/-/util.promisify-1.0.0.tgz",
      "integrity": "sha512-i+6qA2MPhvoKLuxnJNpXAGhg7HphQOSUq2LKMZD0m15EiskXUkMvKdF4Uui0WYeCUGea+o2cw/ZuwehtfsrNkA==",
      "requires": {
        "define-properties": "^1.1.2",
        "object.getownpropertydescriptors": "^2.0.3"
      }
    },
    "yallist": {
      "version": "3.0.3",
      "resolved": "https://npm.kopaxgroup.com/yallist/-/yallist-3.0.3.tgz",
      "integrity": "sha512-S+Zk8DEWE6oKpV+vI3qWkaK+jSbIK86pCwe2IF/xwIpQ8jEuxpw9NyaGjmp9+BoJv5FV2piqCDcoCtStppiq2A=="
    }
  }
}
